{
  "name": "nodewallet",
  "version": "1.0.0",
  "lockfileVersion": 1,
  "requires": true,
  "dependencies": {
    "accepts": {
      "version": "https://registry.npmjs.org/accepts/-/accepts-1.3.3.tgz",
      "integrity": "sha1-w8p0NJOGSMPg2cHjKN1otiLChMo=",
      "requires": {
        "mime-types": "https://registry.npmjs.org/mime-types/-/mime-types-2.1.16.tgz",
        "negotiator": "https://registry.npmjs.org/negotiator/-/negotiator-0.6.1.tgz"
      }
    },
    "acorn": {
      "version": "https://registry.npmjs.org/acorn/-/acorn-4.0.13.tgz",
      "integrity": "sha1-EFSVrlNh1pe9GVyCUZLhrX8lN4c="
    },
    "amdefine": {
      "version": "https://registry.npmjs.org/amdefine/-/amdefine-1.0.1.tgz",
      "integrity": "sha1-SlKCrBZHKek2Gbz9OtFR+BfOkfU="
    },
    "array-flatten": {
      "version": "https://registry.npmjs.org/array-flatten/-/array-flatten-1.1.1.tgz",
      "integrity": "sha1-ml9pkFGx5wczKPKgCJaLZOopVdI="
    },
    "asap": {
      "version": "https://registry.npmjs.org/asap/-/asap-2.0.6.tgz",
      "integrity": "sha1-5QNHYR1+aQlDIIu9r+vLwvuGbUY="
    },
    "ast-types": {
      "version": "https://registry.npmjs.org/ast-types/-/ast-types-0.9.6.tgz",
      "integrity": "sha1-ECyenpAF0+fjgpvwxPok7oYu6bk="
    },
    "auth0-js": {
      "version": "https://registry.npmjs.org/auth0-js/-/auth0-js-6.8.0.tgz",
      "integrity": "sha1-VrON7p/lQsR2k+J903kRMo2W8J0=",
      "requires": {
        "Base64": "https://registry.npmjs.org/Base64/-/Base64-0.1.4.tgz",
        "debug": "https://registry.npmjs.org/debug/-/debug-1.0.5.tgz",
        "json-fallback": "https://registry.npmjs.org/json-fallback/-/json-fallback-0.0.1.tgz",
        "jsonp": "https://registry.npmjs.org/jsonp/-/jsonp-0.0.4.tgz",
        "qs": "git+https://github.com/jfromaniello/node-querystring.git#5d96513991635e3e22d7aa54a8584d6ce97cace8",
        "reqwest": "https://registry.npmjs.org/reqwest/-/reqwest-1.1.6.tgz",
        "trim": "https://registry.npmjs.org/trim/-/trim-0.0.1.tgz",
        "winchan": "https://registry.npmjs.org/winchan/-/winchan-0.1.4.tgz",
        "xtend": "https://registry.npmjs.org/xtend/-/xtend-2.1.2.tgz"
      },
      "dependencies": {
        "debug": {
          "version": "https://registry.npmjs.org/debug/-/debug-1.0.5.tgz",
          "integrity": "sha1-9yQSF0MPmd7EwrRz6rkiKOh0wqw=",
          "requires": {
            "ms": "https://registry.npmjs.org/ms/-/ms-2.0.0.tgz"
          }
        },
        "jsonp": {
          "version": "https://registry.npmjs.org/jsonp/-/jsonp-0.0.4.tgz",
          "integrity": "sha1-lGZaS3caq+y4qshBNbmVlHVpGL0=",
          "requires": {
            "debug": "https://registry.npmjs.org/debug/-/debug-1.0.5.tgz"
          }
        },
        "qs": {
          "version": "git+https://github.com/jfromaniello/node-querystring.git#5d96513991635e3e22d7aa54a8584d6ce97cace8"
        }
      }
    },
    "auth0-lock-passwordless": {
      "version": "https://registry.npmjs.org/auth0-lock-passwordless/-/auth0-lock-passwordless-2.2.3.tgz",
      "integrity": "sha1-d0qzzHZyeQPjOha2N7uYXES9AfE=",
      "requires": {
        "auth0-js": "https://registry.npmjs.org/auth0-js/-/auth0-js-6.8.0.tgz",
        "blueimp-md5": "https://registry.npmjs.org/blueimp-md5/-/blueimp-md5-1.1.1.tgz",
        "fbjs": "https://registry.npmjs.org/fbjs/-/fbjs-0.3.2.tgz",
        "immutable": "https://registry.npmjs.org/immutable/-/immutable-3.8.1.tgz",
        "jsonp": "https://registry.npmjs.org/jsonp/-/jsonp-0.2.1.tgz",
        "react": "https://registry.npmjs.org/react/-/react-0.14.9.tgz",
        "react-addons-css-transition-group": "https://registry.npmjs.org/react-addons-css-transition-group/-/react-addons-css-transition-group-0.14.8.tgz",
        "react-addons-transition-group": "https://registry.npmjs.org/react-addons-transition-group/-/react-addons-transition-group-0.14.8.tgz",
        "react-dom": "https://registry.npmjs.org/react-dom/-/react-dom-0.14.9.tgz",
        "reqwest": "https://registry.npmjs.org/reqwest/-/reqwest-1.1.6.tgz",
        "trim": "https://registry.npmjs.org/trim/-/trim-0.0.1.tgz"
      }
    },
    "balanced-match": {
      "version": "https://registry.npmjs.org/balanced-match/-/balanced-match-1.0.0.tgz",
      "integrity": "sha1-ibTRmasr7kneFk6gK4nORi1xt2c="
    },
    "base62": {
      "version": "https://registry.npmjs.org/base62/-/base62-1.2.0.tgz",
      "integrity": "sha1-MeflYNyEbJ9EwaUx32UU2jVHQVc="
    },
    "Base64": {
      "version": "https://registry.npmjs.org/Base64/-/Base64-0.1.4.tgz",
      "integrity": "sha1-6fbGvvVn/WNepBYqsU3TKedKpt4="
    },
    "binary-search-bounds": {
      "version": "2.0.3",
      "resolved": "https://registry.npmjs.org/binary-search-bounds/-/binary-search-bounds-2.0.3.tgz",
      "integrity": "sha1-X/hhbW3SylOIvIWy1iZuK52lAtw="
    },
    "blueimp-md5": {
      "version": "https://registry.npmjs.org/blueimp-md5/-/blueimp-md5-1.1.1.tgz",
      "integrity": "sha1-z4S6GChfXIg12ujdrlr2Rozqzhc="
    },
    "body-parser": {
      "version": "https://registry.npmjs.org/body-parser/-/body-parser-1.17.2.tgz",
      "integrity": "sha1-+IkqvI+eYn1Crtr7yma/WrmRBO4=",
      "requires": {
        "bytes": "https://registry.npmjs.org/bytes/-/bytes-2.4.0.tgz",
        "content-type": "https://registry.npmjs.org/content-type/-/content-type-1.0.2.tgz",
        "debug": "https://registry.npmjs.org/debug/-/debug-2.6.7.tgz",
        "depd": "https://registry.npmjs.org/depd/-/depd-1.1.1.tgz",
        "http-errors": "https://registry.npmjs.org/http-errors/-/http-errors-1.6.2.tgz",
        "iconv-lite": "https://registry.npmjs.org/iconv-lite/-/iconv-lite-0.4.15.tgz",
        "on-finished": "https://registry.npmjs.org/on-finished/-/on-finished-2.3.0.tgz",
        "qs": "https://registry.npmjs.org/qs/-/qs-6.4.0.tgz",
        "raw-body": "https://registry.npmjs.org/raw-body/-/raw-body-2.2.0.tgz",
        "type-is": "https://registry.npmjs.org/type-is/-/type-is-1.6.15.tgz"
      },
      "dependencies": {
        "debug": {
          "version": "https://registry.npmjs.org/debug/-/debug-2.6.7.tgz",
          "integrity": "sha1-krrR9tBbu2u6Isyoi80OyJTChh4=",
          "requires": {
            "ms": "https://registry.npmjs.org/ms/-/ms-2.0.0.tgz"
          }
        },
        "qs": {
          "version": "https://registry.npmjs.org/qs/-/qs-6.4.0.tgz",
          "integrity": "sha1-E+JtKK1rD/qpExLNO/cI7TUecjM="
        }
      }
    },
    "brace-expansion": {
      "version": "https://registry.npmjs.org/brace-expansion/-/brace-expansion-1.1.8.tgz",
      "integrity": "sha1-wHshHHyVLsH479Uad+8NHTmQopI=",
      "requires": {
        "balanced-match": "https://registry.npmjs.org/balanced-match/-/balanced-match-1.0.0.tgz",
        "concat-map": "https://registry.npmjs.org/concat-map/-/concat-map-0.0.1.tgz"
      }
    },
    "bytes": {
      "version": "https://registry.npmjs.org/bytes/-/bytes-2.4.0.tgz",
      "integrity": "sha1-fZcZb51br39pNeJZhVSe3SpsIzk="
    },
    "commander": {
      "version": "https://registry.npmjs.org/commander/-/commander-2.11.0.tgz",
      "integrity": "sha1-FXFS/R56bI2YpbcVzzdt+SgARWM="
    },
    "commoner": {
      "version": "https://registry.npmjs.org/commoner/-/commoner-0.10.8.tgz",
      "integrity": "sha1-NPw2cs0kOT6LtH5wyqApOBH08sU=",
      "requires": {
        "commander": "https://registry.npmjs.org/commander/-/commander-2.11.0.tgz",
        "detective": "https://registry.npmjs.org/detective/-/detective-4.5.0.tgz",
        "glob": "https://registry.npmjs.org/glob/-/glob-5.0.15.tgz",
        "graceful-fs": "https://registry.npmjs.org/graceful-fs/-/graceful-fs-4.1.11.tgz",
        "iconv-lite": "https://registry.npmjs.org/iconv-lite/-/iconv-lite-0.4.15.tgz",
        "mkdirp": "https://registry.npmjs.org/mkdirp/-/mkdirp-0.5.1.tgz",
        "private": "https://registry.npmjs.org/private/-/private-0.1.7.tgz",
        "q": "https://registry.npmjs.org/q/-/q-1.5.0.tgz",
        "recast": "https://registry.npmjs.org/recast/-/recast-0.11.23.tgz"
      }
    },
    "concat-map": {
      "version": "https://registry.npmjs.org/concat-map/-/concat-map-0.0.1.tgz",
      "integrity": "sha1-2Klr13/Wjfd5OnMDajug1UBdR3s="
    },
    "content-disposition": {
      "version": "https://registry.npmjs.org/content-disposition/-/content-disposition-0.5.2.tgz",
      "integrity": "sha1-DPaLud318r55YcOoUXjLhdunjLQ="
    },
    "content-type": {
      "version": "https://registry.npmjs.org/content-type/-/content-type-1.0.2.tgz",
      "integrity": "sha1-t9ETrueo3Se9IRM8TcJSnfFyHu0="
    },
    "cookie": {
      "version": "https://registry.npmjs.org/cookie/-/cookie-0.3.1.tgz",
      "integrity": "sha1-5+Ch+e9DtMi6klxcWpboBtFoc7s="
    },
    "cookie-signature": {
      "version": "https://registry.npmjs.org/cookie-signature/-/cookie-signature-1.0.6.tgz",
      "integrity": "sha1-4wOogrNCzD7oylE6eZmXNNqzriw="
    },
    "core-js": {
      "version": "https://registry.npmjs.org/core-js/-/core-js-1.2.7.tgz",
      "integrity": "sha1-ZSKUwUZR2yj6k70tX/KYOk8IxjY="
    },
    "crc": {
      "version": "https://registry.npmjs.org/crc/-/crc-3.4.4.tgz",
      "integrity": "sha1-naHpgOO9RPxck79as9ozeNheRms="
    },
    "crypto": {
      "version": "1.0.1",
      "resolved": "https://registry.npmjs.org/crypto/-/crypto-1.0.1.tgz",
      "integrity": "sha512-VxBKmeNcqQdiUQUW2Tzq0t377b54N2bMtXO/qiLa+6eRRmmC4qT3D4OnTGoT/U6O9aklQ/jTwbOtRMTTY8G0Ig=="
    },
    "debug": {
      "version": "https://registry.npmjs.org/debug/-/debug-2.6.8.tgz",
      "integrity": "sha1-5zFTHKLt4n0YgiJCfaF4IdaP9Pw=",
      "requires": {
        "ms": "https://registry.npmjs.org/ms/-/ms-2.0.0.tgz"
      }
    },
    "defined": {
      "version": "https://registry.npmjs.org/defined/-/defined-1.0.0.tgz",
      "integrity": "sha1-yY2bzvdWdBiOEQlpFRGZ45sfppM="
    },
    "depd": {
      "version": "https://registry.npmjs.org/depd/-/depd-1.1.1.tgz",
      "integrity": "sha1-V4O04cRZ8G+lyif5kfPQbnoxA1k="
    },
    "destroy": {
      "version": "https://registry.npmjs.org/destroy/-/destroy-1.0.4.tgz",
      "integrity": "sha1-l4hXRCxEdJ5CBmE+N5RiBYJqvYA="
    },
    "detective": {
      "version": "https://registry.npmjs.org/detective/-/detective-4.5.0.tgz",
      "integrity": "sha1-blqMaybmx6JUsca210kNmOyR7dE=",
      "requires": {
        "acorn": "https://registry.npmjs.org/acorn/-/acorn-4.0.13.tgz",
        "defined": "https://registry.npmjs.org/defined/-/defined-1.0.0.tgz"
      }
    },
    "documentdb": {
      "version": "1.12.2",
      "resolved": "https://registry.npmjs.org/documentdb/-/documentdb-1.12.2.tgz",
      "integrity": "sha512-X46fRu8n1JmvDtRru5I63ZzAytYKbs5/POV/aEvfA27LBBNJ4XyrkYGOsfQmIdFmEtLXeP0qN7gpHURdvTdsyg==",
      "requires": {
        "binary-search-bounds": "2.0.3",
        "priorityqueuejs": "1.0.0",
        "semaphore": "1.0.5",
        "underscore": "1.8.3"
      }
    },
    "ee-first": {
      "version": "https://registry.npmjs.org/ee-first/-/ee-first-1.1.1.tgz",
      "integrity": "sha1-WQxhFWsK4vTwJVcyoViyZrxWsh0="
    },
    "ejs": {
      "version": "https://registry.npmjs.org/ejs/-/ejs-2.5.7.tgz",
      "integrity": "sha1-zIcsFoiArjxxiXYv1f/ACJbJUYo="
    },
    "encodeurl": {
      "version": "https://registry.npmjs.org/encodeurl/-/encodeurl-1.0.1.tgz",
      "integrity": "sha1-eePVhlU0aQn+bw9Fpd5oEDspTSA="
    },
    "envify": {
      "version": "https://registry.npmjs.org/envify/-/envify-3.4.1.tgz",
      "integrity": "sha1-1xIjKejfFoi6dxsSUBkXyc5cvOg=",
      "requires": {
        "jstransform": "https://registry.npmjs.org/jstransform/-/jstransform-11.0.3.tgz",
        "through": "https://registry.npmjs.org/through/-/through-2.3.8.tgz"
      }
    },
    "escape-html": {
      "version": "https://registry.npmjs.org/escape-html/-/escape-html-1.0.3.tgz",
      "integrity": "sha1-Aljq5NPQwJdN4cFpGI7wBR0dGYg="
    },
    "esprima-fb": {
      "version": "https://registry.npmjs.org/esprima-fb/-/esprima-fb-15001.1.0-dev-harmony-fb.tgz",
      "integrity": "sha1-MKlHMDxrjV6VW+4rmbHSMyBqaQE="
    },
    "etag": {
      "version": "https://registry.npmjs.org/etag/-/etag-1.8.0.tgz",
      "integrity": "sha1-b2Ma7zNtbEY2K1F2QETOIWvjwFE="
    },
    "express": {
      "version": "https://registry.npmjs.org/express/-/express-4.15.4.tgz",
      "integrity": "sha1-Ay4iU0ic+PzgJma+yj0R7XotrtE=",
      "requires": {
        "accepts": "https://registry.npmjs.org/accepts/-/accepts-1.3.3.tgz",
        "array-flatten": "https://registry.npmjs.org/array-flatten/-/array-flatten-1.1.1.tgz",
        "content-disposition": "https://registry.npmjs.org/content-disposition/-/content-disposition-0.5.2.tgz",
        "content-type": "https://registry.npmjs.org/content-type/-/content-type-1.0.2.tgz",
        "cookie": "https://registry.npmjs.org/cookie/-/cookie-0.3.1.tgz",
        "cookie-signature": "https://registry.npmjs.org/cookie-signature/-/cookie-signature-1.0.6.tgz",
        "debug": "https://registry.npmjs.org/debug/-/debug-2.6.8.tgz",
        "depd": "https://registry.npmjs.org/depd/-/depd-1.1.1.tgz",
        "encodeurl": "https://registry.npmjs.org/encodeurl/-/encodeurl-1.0.1.tgz",
        "escape-html": "https://registry.npmjs.org/escape-html/-/escape-html-1.0.3.tgz",
        "etag": "https://registry.npmjs.org/etag/-/etag-1.8.0.tgz",
        "finalhandler": "https://registry.npmjs.org/finalhandler/-/finalhandler-1.0.4.tgz",
        "fresh": "https://registry.npmjs.org/fresh/-/fresh-0.5.0.tgz",
        "merge-descriptors": "https://registry.npmjs.org/merge-descriptors/-/merge-descriptors-1.0.1.tgz",
        "methods": "https://registry.npmjs.org/methods/-/methods-1.1.2.tgz",
        "on-finished": "https://registry.npmjs.org/on-finished/-/on-finished-2.3.0.tgz",
        "parseurl": "https://registry.npmjs.org/parseurl/-/parseurl-1.3.1.tgz",
        "path-to-regexp": "https://registry.npmjs.org/path-to-regexp/-/path-to-regexp-0.1.7.tgz",
        "proxy-addr": "https://registry.npmjs.org/proxy-addr/-/proxy-addr-1.1.5.tgz",
        "qs": "https://registry.npmjs.org/qs/-/qs-6.5.0.tgz",
        "range-parser": "https://registry.npmjs.org/range-parser/-/range-parser-1.2.0.tgz",
        "send": "https://registry.npmjs.org/send/-/send-0.15.4.tgz",
        "serve-static": "https://registry.npmjs.org/serve-static/-/serve-static-1.12.4.tgz",
        "setprototypeof": "https://registry.npmjs.org/setprototypeof/-/setprototypeof-1.0.3.tgz",
        "statuses": "https://registry.npmjs.org/statuses/-/statuses-1.3.1.tgz",
        "type-is": "https://registry.npmjs.org/type-is/-/type-is-1.6.15.tgz",
        "utils-merge": "https://registry.npmjs.org/utils-merge/-/utils-merge-1.0.0.tgz",
        "vary": "https://registry.npmjs.org/vary/-/vary-1.1.1.tgz"
      }
    },
    "express-session": {
      "version": "https://registry.npmjs.org/express-session/-/express-session-1.15.5.tgz",
      "integrity": "sha1-9JoYInJjsxb2+FRNpf7iWlQCWew=",
      "requires": {
        "cookie": "https://registry.npmjs.org/cookie/-/cookie-0.3.1.tgz",
        "cookie-signature": "https://registry.npmjs.org/cookie-signature/-/cookie-signature-1.0.6.tgz",
        "crc": "https://registry.npmjs.org/crc/-/crc-3.4.4.tgz",
        "debug": "https://registry.npmjs.org/debug/-/debug-2.6.8.tgz",
        "depd": "https://registry.npmjs.org/depd/-/depd-1.1.1.tgz",
        "on-headers": "https://registry.npmjs.org/on-headers/-/on-headers-1.0.1.tgz",
        "parseurl": "https://registry.npmjs.org/parseurl/-/parseurl-1.3.1.tgz",
        "uid-safe": "https://registry.npmjs.org/uid-safe/-/uid-safe-2.1.5.tgz",
        "utils-merge": "https://registry.npmjs.org/utils-merge/-/utils-merge-1.0.0.tgz"
      }
    },
    "fbjs": {
      "version": "https://registry.npmjs.org/fbjs/-/fbjs-0.3.2.tgz",
      "integrity": "sha1-AzpUBZUIS13jUJpAXQbxoqjlufs=",
      "requires": {
        "core-js": "https://registry.npmjs.org/core-js/-/core-js-1.2.7.tgz",
        "loose-envify": "https://registry.npmjs.org/loose-envify/-/loose-envify-1.3.1.tgz",
        "promise": "https://registry.npmjs.org/promise/-/promise-7.3.1.tgz",
        "ua-parser-js": "https://registry.npmjs.org/ua-parser-js/-/ua-parser-js-0.7.14.tgz",
        "whatwg-fetch": "https://registry.npmjs.org/whatwg-fetch/-/whatwg-fetch-0.9.0.tgz"
      }
    },
    "finalhandler": {
      "version": "https://registry.npmjs.org/finalhandler/-/finalhandler-1.0.4.tgz",
      "integrity": "sha1-GFdPLnxLmLiuOyMMIfIB8xvbP7c=",
      "requires": {
        "debug": "https://registry.npmjs.org/debug/-/debug-2.6.8.tgz",
        "encodeurl": "https://registry.npmjs.org/encodeurl/-/encodeurl-1.0.1.tgz",
        "escape-html": "https://registry.npmjs.org/escape-html/-/escape-html-1.0.3.tgz",
        "on-finished": "https://registry.npmjs.org/on-finished/-/on-finished-2.3.0.tgz",
        "parseurl": "https://registry.npmjs.org/parseurl/-/parseurl-1.3.1.tgz",
        "statuses": "https://registry.npmjs.org/statuses/-/statuses-1.3.1.tgz",
        "unpipe": "https://registry.npmjs.org/unpipe/-/unpipe-1.0.0.tgz"
      }
    },
    "forwarded": {
      "version": "https://registry.npmjs.org/forwarded/-/forwarded-0.1.0.tgz",
      "integrity": "sha1-Ge+YdMSuHCl7zweP3mOgm2aoQ2M="
    },
    "fresh": {
      "version": "https://registry.npmjs.org/fresh/-/fresh-0.5.0.tgz",
      "integrity": "sha1-9HTKXmqSRtb9jglTz6m5yAWvp44="
    },
    "glob": {
      "version": "https://registry.npmjs.org/glob/-/glob-5.0.15.tgz",
      "integrity": "sha1-G8k2ueAvSmA/zCIuz3Yz0wuLk7E=",
      "requires": {
        "inflight": "https://registry.npmjs.org/inflight/-/inflight-1.0.6.tgz",
        "inherits": "https://registry.npmjs.org/inherits/-/inherits-2.0.3.tgz",
        "minimatch": "https://registry.npmjs.org/minimatch/-/minimatch-3.0.4.tgz",
        "once": "https://registry.npmjs.org/once/-/once-1.4.0.tgz",
        "path-is-absolute": "https://registry.npmjs.org/path-is-absolute/-/path-is-absolute-1.0.1.tgz"
      }
    },
    "graceful-fs": {
      "version": "https://registry.npmjs.org/graceful-fs/-/graceful-fs-4.1.11.tgz",
      "integrity": "sha1-Dovf5NHduIVNZOBOp8AOKgJuVlg="
    },
    "http-errors": {
      "version": "https://registry.npmjs.org/http-errors/-/http-errors-1.6.2.tgz",
      "integrity": "sha1-CgAsyFcHGSp+eUbO7cERVfYOxzY=",
      "requires": {
        "depd": "https://registry.npmjs.org/depd/-/depd-1.1.1.tgz",
        "inherits": "https://registry.npmjs.org/inherits/-/inherits-2.0.3.tgz",
        "setprototypeof": "https://registry.npmjs.org/setprototypeof/-/setprototypeof-1.0.3.tgz",
        "statuses": "https://registry.npmjs.org/statuses/-/statuses-1.3.1.tgz"
      }
    },
    "iconv-lite": {
      "version": "https://registry.npmjs.org/iconv-lite/-/iconv-lite-0.4.15.tgz",
      "integrity": "sha1-/iZaIYrGpXz+hUkn6dBMGYJe3es="
    },
    "immutable": {
      "version": "https://registry.npmjs.org/immutable/-/immutable-3.8.1.tgz",
      "integrity": "sha1-IAgH8Rqw9ycQ6khVQt4IgHX2jNI="
    },
    "inflight": {
      "version": "https://registry.npmjs.org/inflight/-/inflight-1.0.6.tgz",
      "integrity": "sha1-Sb1jMdfQLQwJvJEKEHW6gWW1bfk=",
      "requires": {
        "once": "https://registry.npmjs.org/once/-/once-1.4.0.tgz",
        "wrappy": "https://registry.npmjs.org/wrappy/-/wrappy-1.0.2.tgz"
      }
    },
    "inherits": {
      "version": "https://registry.npmjs.org/inherits/-/inherits-2.0.3.tgz",
      "integrity": "sha1-Yzwsg+PaQqUC9SRmAiSA9CCCYd4="
    },
    "ipaddr.js": {
      "version": "https://registry.npmjs.org/ipaddr.js/-/ipaddr.js-1.4.0.tgz",
      "integrity": "sha1-KWrKh4qCGBbluF0KKFqZvP9FgvA="
    },
    "js-tokens": {
      "version": "https://registry.npmjs.org/js-tokens/-/js-tokens-3.0.2.tgz",
      "integrity": "sha1-mGbfOVECEw449/mWvOtlRDIJwls="
    },
    "json-fallback": {
      "version": "https://registry.npmjs.org/json-fallback/-/json-fallback-0.0.1.tgz",
      "integrity": "sha1-6OMIPD/drQ+bXwnTMSB0RCWA14E="
    },
    "jsonp": {
      "version": "https://registry.npmjs.org/jsonp/-/jsonp-0.2.1.tgz",
      "integrity": "sha1-pltPoPEL2nGaBUQep7lMVfPhW64=",
      "requires": {
        "debug": "https://registry.npmjs.org/debug/-/debug-2.6.8.tgz"
      }
    },
    "jstransform": {
      "version": "https://registry.npmjs.org/jstransform/-/jstransform-11.0.3.tgz",
      "integrity": "sha1-CaeJk+CuTU70SH9hVakfYZDLQiM=",
      "requires": {
        "base62": "https://registry.npmjs.org/base62/-/base62-1.2.0.tgz",
        "commoner": "https://registry.npmjs.org/commoner/-/commoner-0.10.8.tgz",
        "esprima-fb": "https://registry.npmjs.org/esprima-fb/-/esprima-fb-15001.1.0-dev-harmony-fb.tgz",
        "object-assign": "https://registry.npmjs.org/object-assign/-/object-assign-2.1.1.tgz",
        "source-map": "https://registry.npmjs.org/source-map/-/source-map-0.4.4.tgz"
      }
    },
    "loose-envify": {
      "version": "https://registry.npmjs.org/loose-envify/-/loose-envify-1.3.1.tgz",
      "integrity": "sha1-0aitM/qc4OcT1l/dCsi3SNR4yEg=",
      "requires": {
        "js-tokens": "https://registry.npmjs.org/js-tokens/-/js-tokens-3.0.2.tgz"
      }
    },
    "media-typer": {
      "version": "https://registry.npmjs.org/media-typer/-/media-typer-0.3.0.tgz",
      "integrity": "sha1-hxDXrwqmJvj/+hzgAWhUUmMlV0g="
    },
    "merge-descriptors": {
      "version": "https://registry.npmjs.org/merge-descriptors/-/merge-descriptors-1.0.1.tgz",
      "integrity": "sha1-sAqqVW3YtEVoFQ7J0blT8/kMu2E="
    },
    "methods": {
      "version": "https://registry.npmjs.org/methods/-/methods-1.1.2.tgz",
      "integrity": "sha1-VSmk1nZUE07cxSZmVoNbD4Ua/O4="
    },
    "mime": {
      "version": "https://registry.npmjs.org/mime/-/mime-1.3.4.tgz",
      "integrity": "sha1-EV+eO2s9rylZmDyzjxSaLUDrXVM="
    },
    "mime-db": {
      "version": "https://registry.npmjs.org/mime-db/-/mime-db-1.29.0.tgz",
      "integrity": "sha1-SNJtI1WJZRcErFkWygYAGRQmaHg="
    },
    "mime-types": {
      "version": "https://registry.npmjs.org/mime-types/-/mime-types-2.1.16.tgz",
      "integrity": "sha1-K4WKUuXs1RbbiXrCvodIeDBpjiM=",
      "requires": {
        "mime-db": "https://registry.npmjs.org/mime-db/-/mime-db-1.29.0.tgz"
      }
    },
    "minimatch": {
      "version": "https://registry.npmjs.org/minimatch/-/minimatch-3.0.4.tgz",
      "integrity": "sha1-UWbihkV/AzBgZL5Ul+jbsMPTIIM=",
      "requires": {
        "brace-expansion": "https://registry.npmjs.org/brace-expansion/-/brace-expansion-1.1.8.tgz"
      }
    },
    "minimist": {
      "version": "https://registry.npmjs.org/minimist/-/minimist-0.0.8.tgz",
      "integrity": "sha1-hX/Kv8M5fSYluCKCYuhqp6ARsF0="
    },
    "mkdirp": {
      "version": "https://registry.npmjs.org/mkdirp/-/mkdirp-0.5.1.tgz",
      "integrity": "sha1-MAV0OOrGz3+MR2fzhkjWaX11yQM=",
      "requires": {
        "minimist": "https://registry.npmjs.org/minimist/-/minimist-0.0.8.tgz"
      }
    },
    "ms": {
      "version": "https://registry.npmjs.org/ms/-/ms-2.0.0.tgz",
      "integrity": "sha1-VgiurfwAvmwpAd9fmGF4jeDVl8g="
    },
    "negotiator": {
      "version": "https://registry.npmjs.org/negotiator/-/negotiator-0.6.1.tgz",
      "integrity": "sha1-KzJxhOiZIQEXeyhWP7XnECrNDKk="
    },
    "object-assign": {
      "version": "https://registry.npmjs.org/object-assign/-/object-assign-2.1.1.tgz",
      "integrity": "sha1-Q8NuXVaf+OSBbE76i+AtJpZ8GKo="
    },
    "object-keys": {
      "version": "https://registry.npmjs.org/object-keys/-/object-keys-0.4.0.tgz",
      "integrity": "sha1-KKaq50KN0sOpLz2V8hM13SBOAzY="
    },
    "on-finished": {
      "version": "https://registry.npmjs.org/on-finished/-/on-finished-2.3.0.tgz",
      "integrity": "sha1-IPEzZIGwg811M3mSoWlxqi2QaUc=",
      "requires": {
        "ee-first": "https://registry.npmjs.org/ee-first/-/ee-first-1.1.1.tgz"
      }
    },
    "on-headers": {
      "version": "https://registry.npmjs.org/on-headers/-/on-headers-1.0.1.tgz",
      "integrity": "sha1-ko9dD0cNSTQmUepnlLCFfBAGk/c="
    },
    "once": {
      "version": "https://registry.npmjs.org/once/-/once-1.4.0.tgz",
      "integrity": "sha1-WDsap3WWHUsROsF9nFC6753Xa9E=",
      "requires": {
        "wrappy": "https://registry.npmjs.org/wrappy/-/wrappy-1.0.2.tgz"
      }
    },
    "parseurl": {
      "version": "https://registry.npmjs.org/parseurl/-/parseurl-1.3.1.tgz",
      "integrity": "sha1-yKuMkiO6NIiKpkopeyiFO+wY2lY="
    },
    "path-is-absolute": {
      "version": "https://registry.npmjs.org/path-is-absolute/-/path-is-absolute-1.0.1.tgz",
      "integrity": "sha1-F0uSaHNVNP+8es5r9TpanhtcX18="
    },
    "path-to-regexp": {
      "version": "https://registry.npmjs.org/path-to-regexp/-/path-to-regexp-0.1.7.tgz",
      "integrity": "sha1-32BBeABfUi8V60SQ5yR6G/qmf4w="
    },
    "priorityqueuejs": {
      "version": "1.0.0",
      "resolved": "https://registry.npmjs.org/priorityqueuejs/-/priorityqueuejs-1.0.0.tgz",
      "integrity": "sha1-LuTyPCVgkT4IwHzlzN1t498sWvg="
    },
    "private": {
      "version": "https://registry.npmjs.org/private/-/private-0.1.7.tgz",
      "integrity": "sha1-aM5eih7woju1cMwoU3tTMqumPvE="
    },
    "promise": {
      "version": "https://registry.npmjs.org/promise/-/promise-7.3.1.tgz",
      "integrity": "sha1-BktyYCsY+Q8pGSuLG8QY/9Hr078=",
      "requires": {
        "asap": "https://registry.npmjs.org/asap/-/asap-2.0.6.tgz"
      }
    },
    "proxy-addr": {
      "version": "https://registry.npmjs.org/proxy-addr/-/proxy-addr-1.1.5.tgz",
      "integrity": "sha1-ccDuOxAt4/IC87ZPYI0XP8uhqRg=",
      "requires": {
        "forwarded": "https://registry.npmjs.org/forwarded/-/forwarded-0.1.0.tgz",
        "ipaddr.js": "https://registry.npmjs.org/ipaddr.js/-/ipaddr.js-1.4.0.tgz"
      }
    },
    "q": {
      "version": "https://registry.npmjs.org/q/-/q-1.5.0.tgz",
      "integrity": "sha1-3QG6ydBtMObyGa7LglPunr3DCPE="
    },
    "qs": {
      "version": "https://registry.npmjs.org/qs/-/qs-6.5.0.tgz",
      "integrity": "sha1-jQSVTTZN7z78VbWgeT4eLIsebkk="
    },
    "random-bytes": {
      "version": "https://registry.npmjs.org/random-bytes/-/random-bytes-1.0.0.tgz",
      "integrity": "sha1-T2ih3Arli9P7lYSMMDJNt11kNgs="
    },
    "range-parser": {
      "version": "https://registry.npmjs.org/range-parser/-/range-parser-1.2.0.tgz",
      "integrity": "sha1-9JvmtIeJTdxA3MlKMi9hEJLgDV4="
    },
    "raw-body": {
      "version": "https://registry.npmjs.org/raw-body/-/raw-body-2.2.0.tgz",
      "integrity": "sha1-mUl2z2pQlqQRYoQEkvC9xdbn+5Y=",
      "requires": {
        "bytes": "https://registry.npmjs.org/bytes/-/bytes-2.4.0.tgz",
        "iconv-lite": "https://registry.npmjs.org/iconv-lite/-/iconv-lite-0.4.15.tgz",
        "unpipe": "https://registry.npmjs.org/unpipe/-/unpipe-1.0.0.tgz"
      }
    },
    "react": {
      "version": "https://registry.npmjs.org/react/-/react-0.14.9.tgz",
      "integrity": "sha1-kRCmSXxJ1EuhwO3TF67CnC4NkdE=",
      "requires": {
        "envify": "https://registry.npmjs.org/envify/-/envify-3.4.1.tgz",
        "fbjs": "https://registry.npmjs.org/fbjs/-/fbjs-0.6.1.tgz"
      },
      "dependencies": {
        "fbjs": {
          "version": "https://registry.npmjs.org/fbjs/-/fbjs-0.6.1.tgz",
          "integrity": "sha1-lja3cF9bqWhNRLcveDISVK/IYPc=",
          "requires": {
            "core-js": "https://registry.npmjs.org/core-js/-/core-js-1.2.7.tgz",
            "loose-envify": "https://registry.npmjs.org/loose-envify/-/loose-envify-1.3.1.tgz",
            "promise": "https://registry.npmjs.org/promise/-/promise-7.3.1.tgz",
            "ua-parser-js": "https://registry.npmjs.org/ua-parser-js/-/ua-parser-js-0.7.14.tgz",
            "whatwg-fetch": "https://registry.npmjs.org/whatwg-fetch/-/whatwg-fetch-0.9.0.tgz"
          }
        }
      }
    },
    "react-addons-css-transition-group": {
      "version": "https://registry.npmjs.org/react-addons-css-transition-group/-/react-addons-css-transition-group-0.14.8.tgz",
      "integrity": "sha1-x6InnnEJXnQ8Q6OkWDoeTxot1h0="
    },
    "react-addons-transition-group": {
      "version": "https://registry.npmjs.org/react-addons-transition-group/-/react-addons-transition-group-0.14.8.tgz",
      "integrity": "sha1-OGTzvPoYDhqzbx7+vuFPtIGs8EI="
    },
    "react-dom": {
      "version": "https://registry.npmjs.org/react-dom/-/react-dom-0.14.9.tgz",
      "integrity": "sha1-BQZKPc8PsYgKOyv8nVjFXY2fYpM="
    },
    "recast": {
      "version": "https://registry.npmjs.org/recast/-/recast-0.11.23.tgz",
      "integrity": "sha1-RR/TAEqx5N+bTktmN2sqIZEkYtM=",
      "requires": {
        "ast-types": "https://registry.npmjs.org/ast-types/-/ast-types-0.9.6.tgz",
        "esprima": "https://registry.npmjs.org/esprima/-/esprima-3.1.3.tgz",
        "private": "https://registry.npmjs.org/private/-/private-0.1.7.tgz",
        "source-map": "https://registry.npmjs.org/source-map/-/source-map-0.5.6.tgz"
      },
      "dependencies": {
        "esprima": {
          "version": "https://registry.npmjs.org/esprima/-/esprima-3.1.3.tgz",
          "integrity": "sha1-/cpRzuYTOJXjyI1TXOSdv/YqRjM="
        },
        "source-map": {
          "version": "https://registry.npmjs.org/source-map/-/source-map-0.5.6.tgz",
          "integrity": "sha1-dc449SvwczxafwwRjYEzSiu19BI="
        }
      }
    },
    "reqwest": {
      "version": "https://registry.npmjs.org/reqwest/-/reqwest-1.1.6.tgz",
      "integrity": "sha1-S2iU0pWWv46CSiXzSXXfFVYu6BM="
    },
    "semaphore": {
      "version": "1.0.5",
      "resolved": "https://registry.npmjs.org/semaphore/-/semaphore-1.0.5.tgz",
      "integrity": "sha1-tJJXbmavGT25XWXiXsU/Xxl5jWA="
    },
    "send": {
      "version": "https://registry.npmjs.org/send/-/send-0.15.4.tgz",
      "integrity": "sha1-mF+qPihLAnPHkzZKNcZze9k5Bbk=",
      "requires": {
        "debug": "https://registry.npmjs.org/debug/-/debug-2.6.8.tgz",
        "depd": "https://registry.npmjs.org/depd/-/depd-1.1.1.tgz",
        "destroy": "https://registry.npmjs.org/destroy/-/destroy-1.0.4.tgz",
        "encodeurl": "https://registry.npmjs.org/encodeurl/-/encodeurl-1.0.1.tgz",
        "escape-html": "https://registry.npmjs.org/escape-html/-/escape-html-1.0.3.tgz",
        "etag": "https://registry.npmjs.org/etag/-/etag-1.8.0.tgz",
        "fresh": "https://registry.npmjs.org/fresh/-/fresh-0.5.0.tgz",
        "http-errors": "https://registry.npmjs.org/http-errors/-/http-errors-1.6.2.tgz",
        "mime": "https://registry.npmjs.org/mime/-/mime-1.3.4.tgz",
        "ms": "https://registry.npmjs.org/ms/-/ms-2.0.0.tgz",
        "on-finished": "https://registry.npmjs.org/on-finished/-/on-finished-2.3.0.tgz",
        "range-parser": "https://registry.npmjs.org/range-parser/-/range-parser-1.2.0.tgz",
        "statuses": "https://registry.npmjs.org/statuses/-/statuses-1.3.1.tgz"
      }
    },
    "serve-static": {
      "version": "https://registry.npmjs.org/serve-static/-/serve-static-1.12.4.tgz",
      "integrity": "sha1-m2qpjutyU8Tu3Ewfb9vKYJkBqWE=",
      "requires": {
        "encodeurl": "https://registry.npmjs.org/encodeurl/-/encodeurl-1.0.1.tgz",
        "escape-html": "https://registry.npmjs.org/escape-html/-/escape-html-1.0.3.tgz",
        "parseurl": "https://registry.npmjs.org/parseurl/-/parseurl-1.3.1.tgz",
        "send": "https://registry.npmjs.org/send/-/send-0.15.4.tgz"
      }
    },
    "setprototypeof": {
      "version": "https://registry.npmjs.org/setprototypeof/-/setprototypeof-1.0.3.tgz",
      "integrity": "sha1-ZlZ+NwQ+608E2RvWWMDL77VbjgQ="
    },
    "source-map": {
      "version": "https://registry.npmjs.org/source-map/-/source-map-0.4.4.tgz",
      "integrity": "sha1-66T12pwNyZneaAMti092FzZSA2s=",
      "requires": {
        "amdefine": "https://registry.npmjs.org/amdefine/-/amdefine-1.0.1.tgz"
      }
    },
    "statuses": {
      "version": "https://registry.npmjs.org/statuses/-/statuses-1.3.1.tgz",
      "integrity": "sha1-+vUbnrdKrvOzrPStX2Gr8ky3uT4="
    },
    "through": {
      "version": "https://registry.npmjs.org/through/-/through-2.3.8.tgz",
      "integrity": "sha1-DdTJ/6q8NXlgsbckEV1+Doai4fU="
    },
    "trim": {
      "version": "https://registry.npmjs.org/trim/-/trim-0.0.1.tgz",
      "integrity": "sha1-WFhUf2spB1fulczMZm+1AITEYN0="
    },
    "type-is": {
      "version": "https://registry.npmjs.org/type-is/-/type-is-1.6.15.tgz",
      "integrity": "sha1-yrEPtJCeRByChC6v4a1kbIGARBA=",
      "requires": {
        "media-typer": "https://registry.npmjs.org/media-typer/-/media-typer-0.3.0.tgz",
        "mime-types": "https://registry.npmjs.org/mime-types/-/mime-types-2.1.16.tgz"
      }
    },
    "ua-parser-js": {
      "version": "https://registry.npmjs.org/ua-parser-js/-/ua-parser-js-0.7.14.tgz",
      "integrity": "sha1-EQ1T+kw/MmwSEpK76skE0uAzh8o="
    },
    "uid-safe": {
      "version": "https://registry.npmjs.org/uid-safe/-/uid-safe-2.1.5.tgz",
      "integrity": "sha1-Kz1cckDo/C5Y+Komnl7knAhXvTo=",
      "requires": {
        "random-bytes": "https://registry.npmjs.org/random-bytes/-/random-bytes-1.0.0.tgz"
      }
    },
    "underscore": {
      "version": "1.8.3",
      "resolved": "https://registry.npmjs.org/underscore/-/underscore-1.8.3.tgz",
      "integrity": "sha1-Tz+1OxBuYJf8+ctBCfKl6b36UCI="
    },
    "unpipe": {
      "version": "https://registry.npmjs.org/unpipe/-/unpipe-1.0.0.tgz",
      "integrity": "sha1-sr9O6FFKrmFltIF4KdIbLvSZBOw="
    },
    "utils-merge": {
      "version": "https://registry.npmjs.org/utils-merge/-/utils-merge-1.0.0.tgz",
      "integrity": "sha1-ApT7kiu5N1FTVBxPcJYjHyh8ivg="
    },
    "vary": {
      "version": "https://registry.npmjs.org/vary/-/vary-1.1.1.tgz",
      "integrity": "sha1-Z1Neu2lMHVIldFeYRmUyP1h+jTc="
    },
    "whatwg-fetch": {
      "version": "https://registry.npmjs.org/whatwg-fetch/-/whatwg-fetch-0.9.0.tgz",
      "integrity": "sha1-DjaExsuZlbQ+/J3wPkw2XZX9nMA="
    },
    "winchan": {
      "version": "https://registry.npmjs.org/winchan/-/winchan-0.1.4.tgz",
      "integrity": "sha1-iPoSQRzVQutiYBjDihlry7F5k7s="
    },
    "wrappy": {
      "version": "https://registry.npmjs.org/wrappy/-/wrappy-1.0.2.tgz",
      "integrity": "sha1-tSQ9jz7BqjXxNkYFvA0QNuMKtp8="
    },
    "xtend": {
      "version": "https://registry.npmjs.org/xtend/-/xtend-2.1.2.tgz",
      "integrity": "sha1-bv7MKk2tjmlixJAbM3znuoe10os=",
      "requires": {
        "object-keys": "https://registry.npmjs.org/object-keys/-/object-keys-0.4.0.tgz"
      }
    }
  }
}
